
Microsoft Visual Studio Solution File, Format Version 12.00
# Visual Studio Version 16
VisualStudioVersion = 16.0.31129.286
MinimumVisualStudioVersion = 10.0.40219.1
Project("{8BC9CEB8-8B4A-11D0-8D11-00A0C91BC942}") = "kg_unpack", "kg_unpack\kg_unpack.vcxproj", "{0EE40C74-7120-4854-BC6D-896F01A38A25}"
EndProject
Project("{8BC9CEB8-8B4A-11D0-8D11-00A0C91BC942}") = "kg_pack", "kg_pack\kg_pack.vcxproj", "{E95921E8-007B-4E00-9771-BC6A1D3B75ED}"
EndProject
Global
	GlobalSection(SolutionConfigurationPlatforms) = preSolution
		Debug|x64 = Debug|x64
		Debug|x86 = Debug|x86
		Release|x64 = Release|x64
		Release|x86 = Release|x86
	EndGlobalSection
	GlobalSection(ProjectConfigurationPlatforms) = postSolution
		{0EE40C74-7120-4854-BC6D-896F01A38A25}.Debug|x64.ActiveCfg = Debug|x64
		{0EE40C74-7120-4854-BC6D-896F01A38A25}.Debug|x64.Build.0 = Debug|x64
		{0EE40C74-7120-4854-BC6D-896F01A38A25}.Debug|x86.ActiveCfg = Debug|Win32
		{0EE40C74-7120-4854-BC6D-896F01A38A25}.Debug|x86.Build.0 = Debug|Win32
		{0EE40C74-7120-4854-BC6D-896F01A38A25}.Release|x64.ActiveCfg = Release|x64
		{0EE40C74-7120-4854-BC6D-896F01A38A25}.Release|x64.Build.0 = Release|x64
		{0EE40C74-7120-4854-BC6D-896F01A38A25}.Release|x86.ActiveCfg = Release|Win32
		{0EE40C74-7120-4854-BC6D-896F01A38A25}.Release|x86.Build.0 = Release|Win32
		{E95921E8-007B-4E00-9771-BC6A1D3B75ED}.Debug|x64.ActiveCfg = Debug|x64
		{E95921E8-007B-4E00-9771-BC6A1D3B75ED}.Debug|x64.Build.0 = Debug|x64
		{E95921E8-007B-4E00-9771-BC6A1D3B75ED}.Debug|x86.ActiveCfg = Debug|Win32
		{E95921E8-007B-4E00-9771-BC6A1D3B75ED}.Debug|x86.Build.0 = Debug|Win32
		{E95921E8-007B-4E00-9771-BC6A1D3B75ED}.Release|x64.ActiveCfg = Release|x64
		{E95921E8-007B-4E00-9771-BC6A1D3B75ED}.Release|x64.Build.0 = Release|x64
		{E95921E8-007B-4E00-9771-BC6A1D3B75ED}.Release|x86.ActiveCfg = Release|Win32
		{E95921E8-007B-4E00-9771-BC6A1D3B75ED}.Release|x86.Build.0 = Release|Win32
	EndGlobalSection
	GlobalSection(SolutionProperties) = preSolution
		HideSolutionNode = FALSE
	EndGlobalSection
	GlobalSection(ExtensibilityGlobals) = postSolution
		SolutionGuid = {E0CE3BCE-6D4B-4850-9B7C-22B5C84142F6}
	EndGlobalSection
EndGlobal
